%{
  "certifi": {:hex, :certifi, "2.3.1", "d0f424232390bf47d82da8478022301c561cf6445b5b5fb6a84d49a9e76d2639", [:rebar3], [{:parse_trans, "3.2.0", [hex: :parse_trans, repo: "hexpm", optional: false]}], "hexpm"},
  "combine": {:hex, :combine, "0.10.0", "eff8224eeb56498a2af13011d142c5e7997a80c8f5b97c499f84c841032e429f", [:mix], [], "hexpm"},
  "elixir_make": {:hex, :elixir_make, "0.4.2", "332c649d08c18bc1ecc73b1befc68c647136de4f340b548844efc796405743bf", [:mix], [], "hexpm"},
  "gettext": {:hex, :gettext, "0.15.0", "40a2b8ce33a80ced7727e36768499fc9286881c43ebafccae6bab731e2b2b8ce", [:mix], [], "hexpm"},
  "hackney": {:hex, :hackney, "1.13.0", "24edc8cd2b28e1c652593833862435c80661834f6c9344e84b6a2255e7aeef03", [:rebar3], [{:certifi, "2.3.1", [hex: :certifi, repo: "hexpm", optional: false]}, {:idna, "5.1.2", [hex: :idna, repo: "hexpm", optional: false]}, {:metrics, "1.0.1", [hex: :metrics, repo: "hexpm", optional: false]}, {:mimerl, "1.0.2", [hex: :mimerl, repo: "hexpm", optional: false]}, {:ssl_verify_fun, "1.1.1", [hex: :ssl_verify_fun, repo: "hexpm", optional: false]}], "hexpm"},
  "idna": {:hex, :idna, "5.1.2", "e21cb58a09f0228a9e0b95eaa1217f1bcfc31a1aaa6e1fdf2f53a33f7dbd9494", [:rebar3], [{:unicode_util_compat, "0.3.1", [hex: :unicode_util_compat, repo: "hexpm", optional: false]}], "hexpm"},
  "metrics": {:hex, :metrics, "1.0.1", "25f094dea2cda98213cecc3aeff09e940299d950904393b2a29d191c346a8486", [:rebar3], [], "hexpm"},
  "mimerl": {:hex, :mimerl, "1.0.2", "993f9b0e084083405ed8252b99460c4f0563e41729ab42d9074fd5e52439be88", [:rebar3], [], "hexpm"},
  "parse_trans": {:hex, :parse_trans, "3.2.0", "2adfa4daf80c14dc36f522cf190eb5c4ee3e28008fc6394397c16f62a26258c2", [:rebar3], [], "hexpm"},
  "scenic": {:git, "git@github.com:boydm/scenic.git", "c4646fad34fa8ecabe5c60dd9df7afd04fd662b6", []},
  "scenic_clock": {:git, "git@github.com:boydm/scenic_clock.git", "62469d19fb2f3abc8415bb89423b667e0d46d6f9", []},
  "scenic_driver_glfw": {:git, "git@github.com:boydm/scenic_driver_glfw.git", "cff66e96d616ba9536ba5ae9d96d470270ba9a98", []},
  "scenic_math": {:git, "git@github.com:boydm/scenic_math.git", "7a577aa31f39e05ba5cf0c7d0931e0f090d30f8d", []},
  "ssl_verify_fun": {:hex, :ssl_verify_fun, "1.1.1", "28a4d65b7f59893bc2c7de786dec1e1555bd742d336043fe644ae956c3497fbe", [:make, :rebar], [], "hexpm"},
  "timex": {:hex, :timex, "3.3.0", "e0695aa0ddb37d460d93a2db34d332c2c95a40c27edf22fbfea22eb8910a9c8d", [:mix], [{:combine, "~> 0.10", [hex: :combine, repo: "hexpm", optional: false]}, {:gettext, "~> 0.10", [hex: :gettext, repo: "hexpm", optional: false]}, {:tzdata, "~> 0.1.8 or ~> 0.5", [hex: :tzdata, repo: "hexpm", optional: false]}], "hexpm"},
  "tzdata": {:hex, :tzdata, "0.5.18", "e21c9eb85b1a04987f48cbab6b40878ed7c55e758e16ca9a03414a2029930944", [:mix], [{:hackney, "~> 1.0", [hex: :hackney, repo: "hexpm", optional: false]}], "hexpm"},
  "unicode_util_compat": {:hex, :unicode_util_compat, "0.3.1", "a1f612a7b512638634a603c8f401892afbf99b8ce93a45041f8aaca99cadb85e", [:rebar3], [], "hexpm"},
}
